
Microsoft Visual Studio Solution File, Format Version 12.00
# Visual Studio Version 16
VisualStudioVersion = 16.0.30413.136
MinimumVisualStudioVersion = 10.0.40219.1
Project("{FAE04EC0-301F-11D3-BF4B-00C04F79EFBC}") = "CardGenerator", "CardGenerator\CardGenerator.csproj", "{A10CBB6F-69C2-451D-ACC8-E7DDE19E49A9}"
EndProject
Project("{FAE04EC0-301F-11D3-BF4B-00C04F79EFBC}") = "WriteableBitmapEx.Wpf", "..\conquest\WriteableBitmapEx\WriteableBitmapEx.Wpf.csproj", "{B0AA6A94-6784-4221-81F0-244A68C374C0}"
EndProject
Global
	GlobalSection(SolutionConfigurationPlatforms) = preSolution
		Debug|Any CPU = Debug|Any CPU
		Release|Any CPU = Release|Any CPU
	EndGlobalSection
	GlobalSection(ProjectConfigurationPlatforms) = postSolution
		{A10CBB6F-69C2-451D-ACC8-E7DDE19E49A9}.Debug|Any CPU.ActiveCfg = Debug|Any CPU
		{A10CBB6F-69C2-451D-ACC8-E7DDE19E49A9}.Debug|Any CPU.Build.0 = Debug|Any CPU
		{A10CBB6F-69C2-451D-ACC8-E7DDE19E49A9}.Release|Any CPU.ActiveCfg = Release|Any CPU
		{A10CBB6F-69C2-451D-ACC8-E7DDE19E49A9}.Release|Any CPU.Build.0 = Release|Any CPU
		{B0AA6A94-6784-4221-81F0-244A68C374C0}.Debug|Any CPU.ActiveCfg = Debug|Any CPU
		{B0AA6A94-6784-4221-81F0-244A68C374C0}.Debug|Any CPU.Build.0 = Debug|Any CPU
		{B0AA6A94-6784-4221-81F0-244A68C374C0}.Release|Any CPU.ActiveCfg = Release|Any CPU
		{B0AA6A94-6784-4221-81F0-244A68C374C0}.Release|Any CPU.Build.0 = Release|Any CPU
	EndGlobalSection
	GlobalSection(SolutionProperties) = preSolution
		HideSolutionNode = FALSE
	EndGlobalSection
	GlobalSection(ExtensibilityGlobals) = postSolution
		SolutionGuid = {29A962DE-628C-406C-B4CA-2C0C43E82E26}
	EndGlobalSection
EndGlobal
